
Microsoft Visual Studio Solution File, Format Version 12.00
Project("{2150E333-8FDC-42A3-9474-1A3956D46DE8}") = "src", "src", "{FD5C28DB-088D-4812-9551-8DE58CE2417E}"
EndProject
Project("{2150E333-8FDC-42A3-9474-1A3956D46DE8}") = "Presentation", "Presentation", "{0CD7F0C0-EA86-4F48-9673-F46149D07508}"
EndProject
Project("{2150E333-8FDC-42A3-9474-1A3956D46DE8}") = "Application", "Application", "{0E36C627-0723-491B-8083-5DE120A9F4D3}"
EndProject
Project("{2150E333-8FDC-42A3-9474-1A3956D46DE8}") = "Domain", "Domain", "{0D14FAA1-A05A-430D-B780-B900BA33812E}"
EndProject
Project("{2150E333-8FDC-42A3-9474-1A3956D46DE8}") = "Infra", "Infra", "{6E5E38AA-726D-458F-9EA1-2A6B9C90A3E4}"
EndProject
Project("{2150E333-8FDC-42A3-9474-1A3956D46DE8}") = "CrossCutting", "CrossCutting", "{EDFE9583-080E-40C2-9417-B0AE6CCAC558}"
EndProject
Project("{2150E333-8FDC-42A3-9474-1A3956D46DE8}") = "Data", "Data", "{1EFBC472-36F8-4DD6-AAAD-E356E3272462}"
EndProject
Project("{FAE04EC0-301F-11D3-BF4B-00C04F79EFBC}") = "DDD.Presentation.API", "DDD.Presentation.API\DDD.Presentation.API.csproj", "{940EED7B-CF40-477D-9CEF-3DC720AE8BB6}"
EndProject
Project("{FAE04EC0-301F-11D3-BF4B-00C04F79EFBC}") = "DDD.Domain", "DDD.Domain\DDD.Domain.csproj", "{71E3F851-D139-43BD-9887-9A5C4ED61158}"
EndProject
Project("{FAE04EC0-301F-11D3-BF4B-00C04F79EFBC}") = "DDD.Infra.CrossCutting.Bus", "DDD.Infra.CrossCutting.Bus\DDD.Infra.CrossCutting.Bus.csproj", "{3A2F92AC-AEBD-4A83-B477-1D4B7D3C9458}"
EndProject
Project("{FAE04EC0-301F-11D3-BF4B-00C04F79EFBC}") = "DDD.Infra.CrossCutting.IoC", "DDD.Infra.CrossCutting.IoC\DDD.Infra.CrossCutting.IoC.csproj", "{C59F6212-DFAD-4959-AE89-6BC66DC19B6A}"
EndProject
Project("{FAE04EC0-301F-11D3-BF4B-00C04F79EFBC}") = "DDD.Infra.Data", "DDD.Infra.Data\DDD.Infra.Data.csproj", "{2D38B306-B43F-4E93-AAEC-70635A1C1896}"
EndProject
Project("{FAE04EC0-301F-11D3-BF4B-00C04F79EFBC}") = "DDD.Application", "DDD.Application\DDD.Application.csproj", "{257CFB35-4870-49BE-9A9C-6DF16DC8919B}"
EndProject
Global
	GlobalSection(SolutionConfigurationPlatforms) = preSolution
		Debug|Any CPU = Debug|Any CPU
		Release|Any CPU = Release|Any CPU
	EndGlobalSection
	GlobalSection(NestedProjects) = preSolution
		{0CD7F0C0-EA86-4F48-9673-F46149D07508} = {FD5C28DB-088D-4812-9551-8DE58CE2417E}
		{0E36C627-0723-491B-8083-5DE120A9F4D3} = {FD5C28DB-088D-4812-9551-8DE58CE2417E}
		{0D14FAA1-A05A-430D-B780-B900BA33812E} = {FD5C28DB-088D-4812-9551-8DE58CE2417E}
		{6E5E38AA-726D-458F-9EA1-2A6B9C90A3E4} = {FD5C28DB-088D-4812-9551-8DE58CE2417E}
		{EDFE9583-080E-40C2-9417-B0AE6CCAC558} = {6E5E38AA-726D-458F-9EA1-2A6B9C90A3E4}
		{1EFBC472-36F8-4DD6-AAAD-E356E3272462} = {6E5E38AA-726D-458F-9EA1-2A6B9C90A3E4}
		{940EED7B-CF40-477D-9CEF-3DC720AE8BB6} = {0CD7F0C0-EA86-4F48-9673-F46149D07508}
		{71E3F851-D139-43BD-9887-9A5C4ED61158} = {0D14FAA1-A05A-430D-B780-B900BA33812E}
		{3A2F92AC-AEBD-4A83-B477-1D4B7D3C9458} = {EDFE9583-080E-40C2-9417-B0AE6CCAC558}
		{C59F6212-DFAD-4959-AE89-6BC66DC19B6A} = {EDFE9583-080E-40C2-9417-B0AE6CCAC558}
		{2D38B306-B43F-4E93-AAEC-70635A1C1896} = {1EFBC472-36F8-4DD6-AAAD-E356E3272462}
		{257CFB35-4870-49BE-9A9C-6DF16DC8919B} = {0E36C627-0723-491B-8083-5DE120A9F4D3}
	EndGlobalSection
	GlobalSection(ProjectConfigurationPlatforms) = postSolution
		{940EED7B-CF40-477D-9CEF-3DC720AE8BB6}.Debug|Any CPU.ActiveCfg = Debug|Any CPU
		{940EED7B-CF40-477D-9CEF-3DC720AE8BB6}.Debug|Any CPU.Build.0 = Debug|Any CPU
		{940EED7B-CF40-477D-9CEF-3DC720AE8BB6}.Release|Any CPU.ActiveCfg = Release|Any CPU
		{940EED7B-CF40-477D-9CEF-3DC720AE8BB6}.Release|Any CPU.Build.0 = Release|Any CPU
		{71E3F851-D139-43BD-9887-9A5C4ED61158}.Debug|Any CPU.ActiveCfg = Debug|Any CPU
		{71E3F851-D139-43BD-9887-9A5C4ED61158}.Debug|Any CPU.Build.0 = Debug|Any CPU
		{71E3F851-D139-43BD-9887-9A5C4ED61158}.Release|Any CPU.ActiveCfg = Release|Any CPU
		{71E3F851-D139-43BD-9887-9A5C4ED61158}.Release|Any CPU.Build.0 = Release|Any CPU
		{3A2F92AC-AEBD-4A83-B477-1D4B7D3C9458}.Debug|Any CPU.ActiveCfg = Debug|Any CPU
		{3A2F92AC-AEBD-4A83-B477-1D4B7D3C9458}.Debug|Any CPU.Build.0 = Debug|Any CPU
		{3A2F92AC-AEBD-4A83-B477-1D4B7D3C9458}.Release|Any CPU.ActiveCfg = Release|Any CPU
		{3A2F92AC-AEBD-4A83-B477-1D4B7D3C9458}.Release|Any CPU.Build.0 = Release|Any CPU
		{C59F6212-DFAD-4959-AE89-6BC66DC19B6A}.Debug|Any CPU.ActiveCfg = Debug|Any CPU
		{C59F6212-DFAD-4959-AE89-6BC66DC19B6A}.Debug|Any CPU.Build.0 = Debug|Any CPU
		{C59F6212-DFAD-4959-AE89-6BC66DC19B6A}.Release|Any CPU.ActiveCfg = Release|Any CPU
		{C59F6212-DFAD-4959-AE89-6BC66DC19B6A}.Release|Any CPU.Build.0 = Release|Any CPU
		{2D38B306-B43F-4E93-AAEC-70635A1C1896}.Debug|Any CPU.ActiveCfg = Debug|Any CPU
		{2D38B306-B43F-4E93-AAEC-70635A1C1896}.Debug|Any CPU.Build.0 = Debug|Any CPU
		{2D38B306-B43F-4E93-AAEC-70635A1C1896}.Release|Any CPU.ActiveCfg = Release|Any CPU
		{2D38B306-B43F-4E93-AAEC-70635A1C1896}.Release|Any CPU.Build.0 = Release|Any CPU
		{257CFB35-4870-49BE-9A9C-6DF16DC8919B}.Debug|Any CPU.ActiveCfg = Debug|Any CPU
		{257CFB35-4870-49BE-9A9C-6DF16DC8919B}.Debug|Any CPU.Build.0 = Debug|Any CPU
		{257CFB35-4870-49BE-9A9C-6DF16DC8919B}.Release|Any CPU.ActiveCfg = Release|Any CPU
		{257CFB35-4870-49BE-9A9C-6DF16DC8919B}.Release|Any CPU.Build.0 = Release|Any CPU
	EndGlobalSection
EndGlobal
